
Microsoft Visual Studio Solution File, Format Version 12.00
# Visual Studio 15
VisualStudioVersion = 15.0.26430.14
MinimumVisualStudioVersion = 10.0.40219.1
Project("{9A19103F-16F7-4668-BE54-9A1E7A4F7556}") = "AriaNet", "AriaNet\AriaNet.csproj", "{F9DB1CEF-7A4B-4391-A293-47D7249E93C5}"
EndProject
Project("{FAE04EC0-301F-11D3-BF4B-00C04F79EFBC}") = "AriaNetTest", "AriaNetTest\AriaNetTest.csproj", "{F4279A32-1C7F-435F-9EB4-2DAE8918B590}"
EndProject
Global
	GlobalSection(SolutionConfigurationPlatforms) = preSolution
		Debug|Any CPU = Debug|Any CPU
		Release|Any CPU = Release|Any CPU
	EndGlobalSection
	GlobalSection(ProjectConfigurationPlatforms) = postSolution
		{F9DB1CEF-7A4B-4391-A293-47D7249E93C5}.Debug|Any CPU.ActiveCfg = Debug|Any CPU
		{F9DB1CEF-7A4B-4391-A293-47D7249E93C5}.Debug|Any CPU.Build.0 = Debug|Any CPU
		{F9DB1CEF-7A4B-4391-A293-47D7249E93C5}.Release|Any CPU.ActiveCfg = Release|Any CPU
		{F9DB1CEF-7A4B-4391-A293-47D7249E93C5}.Release|Any CPU.Build.0 = Release|Any CPU
		{F4279A32-1C7F-435F-9EB4-2DAE8918B590}.Debug|Any CPU.ActiveCfg = Debug|Any CPU
		{F4279A32-1C7F-435F-9EB4-2DAE8918B590}.Debug|Any CPU.Build.0 = Debug|Any CPU
		{F4279A32-1C7F-435F-9EB4-2DAE8918B590}.Release|Any CPU.ActiveCfg = Release|Any CPU
		{F4279A32-1C7F-435F-9EB4-2DAE8918B590}.Release|Any CPU.Build.0 = Release|Any CPU
	EndGlobalSection
	GlobalSection(SolutionProperties) = preSolution
		HideSolutionNode = FALSE
	EndGlobalSection
EndGlobal
